# This file was autogenerated by Stack.
# You should not edit this file by hand.
# For more information, please see the documentation at:
#   https://docs.haskellstack.org/en/stable/topics/lock_files

packages:
- completed:
    hackage: gloss-1.13.2.2@sha256:31467330073c706f28a640b1c891f527b11b5489f2566930a05f29fb872fd0ef,4099
    pantry-tree:
      sha256: b0271ac1e9b76774055098136432ac2cef706e12a55bfceaa682f361d102f236
      size: 3807
  original:
    hackage: gloss-1.13.2.2
- completed:
    hackage: gloss-rendering-1.13.2.1@sha256:a121fdbc789bfa788ab5acdad8315207aae6bea9a004be3c60fcb53187242418,1706
    pantry-tree:
      sha256: 6e004ea1d9feaf2d60cc65784e1cbff0a8afeafe44c5c1d163cf9a14ae7a4525
      size: 981
  original:
    hackage: gloss-rendering-1.13.2.1
- completed:
    hackage: JuicyPixels-3.3.8@sha256:edba07ede8a9d102bd1bdd5e87aa9e44698e8ae72ca75a20d9c6d1fc1cc58975,3838
    pantry-tree:
      sha256: 74bbb5c863ce416de170d73f39364d7adcdf197ab44fc3c3829df6628b900ecb
      size: 2724
  original:
    hackage: JuicyPixels-3.3.8
snapshots:
- completed:
    sha256: abcc4a65c15c7c2313f1a87f01bfd4d910516e1930b99653eef1d2d006515916
    size: 640074
    url: https://raw.githubusercontent.com/commercialhaskell/stackage-snapshots/master/lts/21/24.yaml
  original: lts-21.24
